
Microsoft Visual Studio Solution File, Format Version 12.00
# Visual Studio Version 17
VisualStudioVersion = 17.3.32929.385
MinimumVisualStudioVersion = 10.0.40219.1
Project("{9A19103F-16F7-4668-BE54-9A1E7A4F7556}") = "AgendaSala.Domain", "AgendaSala.Domain\AgendaSala.Domain.csproj", "{57EB55FB-7B1F-4B87-88FE-037CD4446622}"
EndProject
Project("{9A19103F-16F7-4668-BE54-9A1E7A4F7556}") = "AgendaSala.Database", "AgendaSala.Database\AgendaSala.Database.csproj", "{0FA4BED0-E914-4E4D-87E4-836800F173E6}"
EndProject
Project("{9A19103F-16F7-4668-BE54-9A1E7A4F7556}") = "AgendaSala.Api", "AgendaSala.Api\AgendaSala.Api.csproj", "{D81B86F0-9191-4C81-ABF8-F74EC7BD8211}"
EndProject
Project("{9A19103F-16F7-4668-BE54-9A1E7A4F7556}") = "AgendaSala.Auth", "AgendaSala.Auth\AgendaSala.Auth.csproj", "{4E82E159-F99D-4EDD-9C19-787F40A8D294}"
EndProject
Global
	GlobalSection(SolutionConfigurationPlatforms) = preSolution
		Debug|Any CPU = Debug|Any CPU
		Release|Any CPU = Release|Any CPU
	EndGlobalSection
	GlobalSection(ProjectConfigurationPlatforms) = postSolution
		{57EB55FB-7B1F-4B87-88FE-037CD4446622}.Debug|Any CPU.ActiveCfg = Debug|Any CPU
		{57EB55FB-7B1F-4B87-88FE-037CD4446622}.Debug|Any CPU.Build.0 = Debug|Any CPU
		{57EB55FB-7B1F-4B87-88FE-037CD4446622}.Release|Any CPU.ActiveCfg = Release|Any CPU
		{57EB55FB-7B1F-4B87-88FE-037CD4446622}.Release|Any CPU.Build.0 = Release|Any CPU
		{0FA4BED0-E914-4E4D-87E4-836800F173E6}.Debug|Any CPU.ActiveCfg = Debug|Any CPU
		{0FA4BED0-E914-4E4D-87E4-836800F173E6}.Debug|Any CPU.Build.0 = Debug|Any CPU
		{0FA4BED0-E914-4E4D-87E4-836800F173E6}.Release|Any CPU.ActiveCfg = Release|Any CPU
		{0FA4BED0-E914-4E4D-87E4-836800F173E6}.Release|Any CPU.Build.0 = Release|Any CPU
		{D81B86F0-9191-4C81-ABF8-F74EC7BD8211}.Debug|Any CPU.ActiveCfg = Debug|Any CPU
		{D81B86F0-9191-4C81-ABF8-F74EC7BD8211}.Debug|Any CPU.Build.0 = Debug|Any CPU
		{D81B86F0-9191-4C81-ABF8-F74EC7BD8211}.Release|Any CPU.ActiveCfg = Release|Any CPU
		{D81B86F0-9191-4C81-ABF8-F74EC7BD8211}.Release|Any CPU.Build.0 = Release|Any CPU
		{4E82E159-F99D-4EDD-9C19-787F40A8D294}.Debug|Any CPU.ActiveCfg = Debug|Any CPU
		{4E82E159-F99D-4EDD-9C19-787F40A8D294}.Debug|Any CPU.Build.0 = Debug|Any CPU
		{4E82E159-F99D-4EDD-9C19-787F40A8D294}.Release|Any CPU.ActiveCfg = Release|Any CPU
		{4E82E159-F99D-4EDD-9C19-787F40A8D294}.Release|Any CPU.Build.0 = Release|Any CPU
	EndGlobalSection
	GlobalSection(SolutionProperties) = preSolution
		HideSolutionNode = FALSE
	EndGlobalSection
	GlobalSection(ExtensibilityGlobals) = postSolution
		SolutionGuid = {EDE3137E-D475-4DB5-9A0D-060862182779}
	EndGlobalSection
EndGlobal
